# This file is automatically @generated by Poetry 2.2.1 and should not be changed by hand.

[[package]]
name = "asgiref"
version = "3.10.0"
description = "ASGI specs, helper code, and adapters"
optional = false
python-versions = ">=3.9"
groups = ["main"]
files = [
    {file = "asgiref-3.10.0-py3-none-any.whl", hash = "sha256:aef8a81283a34d0ab31630c9b7dfe70c812c95eba78171367ca8745e88124734"},
    {file = "asgiref-3.10.0.tar.gz", hash = "sha256:d89f2d8cd8b56dada7d52fa7dc8075baa08fb836560710d38c292a7a3f78c04e"},
]

[package.extras]
tests = ["mypy (>=1.14.0)", "pytest", "pytest-asyncio"]

[[package]]
name = "certifi"
version = "2026.6.17"
description = "Python package for providing Mozilla's CA Bundle."
optional = false
python-versions = ">=3.7"
groups = ["main"]
files = [
    {file = "certifi-2026.6.17-py3-none-any.whl", hash = "sha256:2227dcbaafe0d2f59279d1762ddddc37783ed4354594f194ffc31d20f41fc3db"},
    {file = "certifi-2026.6.17.tar.gz", hash = "sha256:024c88eeec92ca068db80f02b8b07c9cef7b9fe261d1d535abfd5abd6f6af432"},
]

[[package]]
name = "cloudinary"
version = "1.44.2"
description = "Python and Django SDK for Cloudinary"
optional = false
python-versions = "*"
groups = ["main"]
files = [
    {file = "cloudinary-1.44.2-py3-none-any.whl", hash = "sha256:6624d06014c33f50c0c9e740fde1dfe4579d03311025d8bb7183824b7443aa09"},
    {file = "cloudinary-1.44.2.tar.gz", hash = "sha256:bc9139c68f2ef6996ba62a5d0300e63c711d4f6564644c0c82aa31bf641ef3c7"},
]

[package.dependencies]
certifi = "*"
six = "*"
urllib3 = ">=1.26.5"

[package.extras]
dev = ["pytest (==4.6) ; python_version < \"3.7\"", "pytest ; python_version >= \"3.7\"", "tox"]

[[package]]
name = "django"
version = "5.2.7"
description = "A high-level Python web framework that encourages rapid development and clean, pragmatic design."
optional = false
python-versions = ">=3.10"
groups = ["main"]
files = [
    {file = "django-5.2.7-py3-none-any.whl", hash = "sha256:59a13a6515f787dec9d97a0438cd2efac78c8aca1c80025244b0fe507fe0754b"},
    {file = "django-5.2.7.tar.gz", hash = "sha256:e0f6f12e2551b1716a95a63a1366ca91bbcd7be059862c1b18f989b1da356cdd"},
]

[package.dependencies]
asgiref = ">=3.8.1"
sqlparse = ">=0.3.1"
tzdata = {version = "*", markers = "sys_platform == \"win32\""}

[package.extras]
argon2 = ["argon2-cffi (>=19.1.0)"]
bcrypt = ["bcrypt"]

[[package]]
name = "django-cors-headers"
version = "4.9.0"
description = "django-cors-headers is a Django application for handling the server headers required for Cross-Origin Resource Sharing (CORS)."
optional = false
python-versions = ">=3.9"
groups = ["main"]
files = [
    {file = "django_cors_headers-4.9.0-py3-none-any.whl", hash = "sha256:15c7f20727f90044dcee2216a9fd7303741a864865f0c3657e28b7056f61b449"},
    {file = "django_cors_headers-4.9.0.tar.gz", hash = "sha256:fe5d7cb59fdc2c8c646ce84b727ac2bca8912a247e6e68e1fb507372178e59e8"},
]

[package.dependencies]
asgiref = ">=3.6"
django = ">=4.2"

[[package]]
name = "django-unfold"
version = "0.72.0"
description = "Modern Django admin theme for seamless interface development"
optional = false
python-versions = "<4.0,>=3.10"
groups = ["main"]
files = [
    {file = "django_unfold-0.72.0-py3-none-any.whl", hash = "sha256:61448ad42ff7a33c7ad66d14071b24224bb476038a14a1bbe719a774db496e34"},
    {file = "django_unfold-0.72.0.tar.gz", hash = "sha256:43a0e8a4383037a24b73666c9f721faef12bd500c4628b4fc39d0dafd2e9c0a2"},
]

[package.dependencies]
django = ">=4.2"

[[package]]
name = "djangorestframework"
version = "3.16.1"
description = "Web APIs for Django, made easy."
optional = false
python-versions = ">=3.9"
groups = ["main"]
files = [
    {file = "djangorestframework-3.16.1-py3-none-any.whl", hash = "sha256:33a59f47fb9c85ede792cbf88bde71893bcda0667bc573f784649521f1102cec"},
    {file = "djangorestframework-3.16.1.tar.gz", hash = "sha256:166809528b1aced0a17dc66c24492af18049f2c9420dbd0be29422029cfc3ff7"},
]

[package.dependencies]
django = ">=4.2"

[[package]]
name = "gunicorn"
version = "23.0.0"
description = "WSGI HTTP Server for UNIX"
optional = false
python-versions = ">=3.7"
groups = ["main"]
files = [
    {file = "gunicorn-23.0.0-py3-none-any.whl", hash = "sha256:ec400d38950de4dfd418cff8328b2c8faed0edb0d517d3394e457c317908ca4d"},
    {file = "gunicorn-23.0.0.tar.gz", hash = "sha256:f014447a0101dc57e294f6c18ca6b40227a4c90e9bdb586042628030cba004ec"},
]

[package.dependencies]
packaging = "*"

[package.extras]
eventlet = ["eventlet (>=0.24.1,!=0.36.0)"]
gevent = ["gevent (>=1.4.0)"]
setproctitle = ["setproctitle"]
testing = ["coverage", "eventlet", "gevent", "pytest", "pytest-cov"]
tornado = ["tornado (>=0.2)"]

[[package]]
name = "packaging"
version = "25.0"
description = "Core utilities for Python packages"
optional = false
python-versions = ">=3.8"
groups = ["main"]
files = [
    {file = "packaging-25.0-py3-none-any.whl", hash = "sha256:29572ef2b1f17581046b3a2227d5c611fb25ec70ca1ba8554b24b0e69331a484"},
    {file = "packaging-25.0.tar.gz", hash = "sha256:d443872c98d677bf60f6a1f2f8c1cb748e8fe762d2bf9d3148b5599295b0fc4f"},
]

[[package]]
name = "psycopg"
version = "3.3.1"
description = "PostgreSQL database adapter for Python"
optional = false
python-versions = ">=3.10"
groups = ["main"]
files = [
    {file = "psycopg-3.3.1-py3-none-any.whl", hash = "sha256:e44d8eae209752efe46318f36dd0fdf5863e928009338d736843bb1084f6435c"},
    {file = "psycopg-3.3.1.tar.gz", hash = "sha256:ccfa30b75874eef809c0fbbb176554a2640cc1735a612accc2e2396a92442fc6"},
]

[package.dependencies]
psycopg-binary = {version = "3.3.1", optional = true, markers = "implementation_name != \"pypy\" and extra == \"binary\""}
psycopg-pool = {version = "*", optional = true, markers = "extra == \"pool\""}
typing-extensions = {version = ">=4.6", markers = "python_version < \"3.13\""}
tzdata = {version = "*", markers = "sys_platform == \"win32\""}

[package.extras]
binary = ["psycopg-binary (==3.3.1) ; implementation_name != \"pypy\""]
c = ["psycopg-c (==3.3.1) ; implementation_name != \"pypy\""]
dev = ["ast-comments (>=1.1.2)", "black (>=24.1.0)", "codespell (>=2.2)", "cython-lint (>=0.16)", "dnspython (>=2.1)", "flake8 (>=4.0)", "isort-psycopg", "isort[colors] (>=6.0)", "mypy (>=1.19.0)", "pre-commit (>=4.0.1)", "types-setuptools (>=57.4)", "types-shapely (>=2.0)", "wheel (>=0.37)"]
docs = ["Sphinx (>=5.0)", "furo (==2022.6.21)", "sphinx-autobuild (>=2021.3.14)", "sphinx-autodoc-typehints (>=1.12)"]
pool = ["psycopg-pool"]
test = ["anyio (>=4.0)", "mypy (>=1.19.0) ; implementation_name != \"pypy\"", "pproxy (>=2.7)", "pytest (>=6.2.5)", "pytest-cov (>=3.0)", "pytest-randomly (>=3.5)"]

[[package]]
name = "psycopg-binary"
version = "3.3.1"
description = "PostgreSQL database adapter for Python -- C optimisation distribution"
optional = false
python-versions = ">=3.10"
groups = ["main"]
markers = "implementation_name != \"pypy\""
files = [
    {file = "psycopg_binary-3.3.1-cp310-cp310-macosx_10_9_x86_64.whl", hash = "sha256:7cf1fc1e69ffcdc67ac08d234194a8038b4491f3a0cc9ecee021408a7e0c2842"},
    {file = "psycopg_binary-3.3.1-cp310-cp310-macosx_11_0_arm64.whl", hash = "sha256:8c67466aec41049e51016bd3fc15d193b5e9ba7f1d3baddff72fa54d86710dc3"},
    {file = "psycopg_binary-3.3.1-cp310-cp310-manylinux2014_ppc64le.manylinux_2_17_ppc64le.whl", hash = "sha256:bbc7652c716b90fea53fde61eb402c631d6bd0c93d92262193459d69a3c01526"},
    {file = "psycopg_binary-3.3.1-cp310-cp310-manylinux2014_x86_64.manylinux_2_17_x86_64.whl", hash = "sha256:3d780ba9cd1a34899c1500acc16147fb759a93659c04fc3a145ee09784a56eaa"},
    {file = "psycopg_binary-3.3.1-cp310-cp310-manylinux_2_27_aarch64.manylinux_2_28_aarch64.whl", hash = "sha256:75351e092a7bd06353a3e3f3003059d4ebd80879447c3f404b82b0d78762c1cf"},
    {file = "psycopg_binary-3.3.1-cp310-cp310-manylinux_2_38_riscv64.manylinux_2_39_riscv64.whl", hash = "sha256:dd66aa2ccf4f7f1889d8f0af0d3084088dc8285a0d7c8566bc3a430b487633f7"},
    {file = "psycopg_binary-3.3.1-cp310-cp310-musllinux_1_2_aarch64.whl", hash = "sha256:76b94c7fc9e7afe65039e7f7e9abc15f33fa356abad9a93f2ded56e64eb1a08b"},
    {file = "psycopg_binary-3.3.1-cp310-cp310-musllinux_1_2_ppc64le.whl", hash = "sha256:a80fd10b1f62a1300f79c6338209e9ab12a7c1817de664a1388d8b084464cdc6"},
    {file = "psycopg_binary-3.3.1-cp310-cp310-musllinux_1_2_riscv64.whl", hash = "sha256:f6848350fcba57f6da32ea06e4c693e85dbbc1cdb039c9710f46625e906e3779"},
    {file = "psycopg_binary-3.3.1-cp310-cp310-musllinux_1_2_x86_64.whl", hash = "sha256:cb4ad6a386b2b2d5b70537c0d7d01ac38ac3629b144194ec3d52005029e224f9"},
    {file = "psycopg_binary-3.3.1-cp310-cp310-win_amd64.whl", hash = "sha256:8efe87ae2aee3da3fe7c54670db9ad94e667d9bde31a9e8b726349bc32708826"},
    {file = "psycopg_binary-3.3.1-cp311-cp311-macosx_10_9_x86_64.whl", hash = "sha256:855e8f8b9650adac91eeea494f62f3f089496331d4514ec14d2f745b7e19fd45"},
    {file = "psycopg_binary-3.3.1-cp311-cp311-macosx_11_0_arm64.whl", hash = "sha256:5a83618f45a8972a6aeab05e894dd48be36b5e181ae7d0d5491ff53e63c079b3"},
    {file = "psycopg_binary-3.3.1-cp311-cp311-manylinux2014_ppc64le.manylinux_2_17_ppc64le.whl", hash = "sha256:8e3b63507b8b00ebbc35f78fbd1c00202da7cfa2091c28cd0679db2af1a378c3"},
    {file = "psycopg_binary-3.3.1-cp311-cp311-manylinux2014_x86_64.manylinux_2_17_x86_64.whl", hash = "sha256:defb3272cd3f0cddd7e3ac83c68e644d2facbad2660020a7ce10bf0e36a44b9b"},
    {file = "psycopg_binary-3.3.1-cp311-cp311-manylinux_2_27_aarch64.manylinux_2_28_aarch64.whl", hash = "sha256:9e7efa31c2fd868d3b5ffce9db357c479e4248600b4a871f86b9468749a7e6d5"},
    {file = "psycopg_binary-3.3.1-cp311-cp311-manylinux_2_38_riscv64.manylinux_2_39_riscv64.whl", hash = "sha256:32e47361607f606290274dd4c00013b3faaf692c73c6af20fbd6c7148d956340"},
    {file = "psycopg_binary-3.3.1-cp311-cp311-musllinux_1_2_aarch64.whl", hash = "sha256:62e8f62437831bdae33b11597c94bde2119c86d433f39bb7dfee6ef20962d84b"},
    {file = "psycopg_binary-3.3.1-cp311-cp311-musllinux_1_2_ppc64le.whl", hash = "sha256:da60f9141c3c0657fb39ad06794730df77ae25de128320f2af17886a3c8ad392"},
    {file = "psycopg_binary-3.3.1-cp311-cp311-musllinux_1_2_riscv64.whl", hash = "sha256:fca6d127fe48703ef9d2f392e4b8998677a197d088f3c0a8b370c1fd51d03aa0"},
    {file = "psycopg_binary-3.3.1-cp311-cp311-musllinux_1_2_x86_64.whl", hash = "sha256:0d8340c59fa1aec1ad121b082443e4871d62c58b958cc089986860fd2d965c73"},
    {file = "psycopg_binary-3.3.1-cp311-cp311-win_amd64.whl", hash = "sha256:c65e5cbc0f3a97e4ee83547124e6df766faa211c0ed50f8dba3ae0cf39b0f566"},
    {file = "psycopg_binary-3.3.1-cp312-cp312-macosx_10_13_x86_64.whl", hash = "sha256:1f0afb5653614ad4a9a2fa0fa8c593508a18bd319afc26b20a33b883f263bf90"},
    {file = "psycopg_binary-3.3.1-cp312-cp312-macosx_11_0_arm64.whl", hash = "sha256:b84ed483a4d0271be201005c7567161fc6bc884f7ebc08ed9f82083b3a0d1f9e"},
    {file = "psycopg_binary-3.3.1-cp312-cp312-manylinux2014_ppc64le.manylinux_2_17_ppc64le.whl", hash = "sha256:3323652b73305e23cc9b5f4e332b25f00c8cb16f47ef84ee4430b7df38273707"},
    {file = "psycopg_binary-3.3.1-cp312-cp312-manylinux2014_x86_64.manylinux_2_17_x86_64.whl", hash = "sha256:c64ed9a49e606c764510a1d98270cc42a38527776aa98baf6e8c4e20c5341b96"},
    {file = "psycopg_binary-3.3.1-cp312-cp312-manylinux_2_27_aarch64.manylinux_2_28_aarch64.whl", hash = "sha256:b81eee7d7f5fa9a85778fb854d979ba16f48cec584c17c51117ba94ad9d6a667"},
    {file = "psycopg_binary-3.3.1-cp312-cp312-manylinux_2_38_riscv64.manylinux_2_39_riscv64.whl", hash = "sha256:8d0b967eada1831f6e8b652f6868c9fbdf80e397c1f096226fe0d545112f907d"},
    {file = "psycopg_binary-3.3.1-cp312-cp312-musllinux_1_2_aarch64.whl", hash = "sha256:b2c86492e9b41d942bc263e5b961498bd404444b0547e1e2456e8f919599ad14"},
    {file = "psycopg_binary-3.3.1-cp312-cp312-musllinux_1_2_ppc64le.whl", hash = "sha256:5468dcdb2717dc764d1e1d9a391b714d28717bc8613e2e5481f261718e4e72c5"},
    {file = "psycopg_binary-3.3.1-cp312-cp312-musllinux_1_2_riscv64.whl", hash = "sha256:e3aa33e5553d12b91e23b928e869587289c6c26de58b3b14f70bed06eb767c58"},
    {file = "psycopg_binary-3.3.1-cp312-cp312-musllinux_1_2_x86_64.whl", hash = "sha256:bbd26acb1ba8416a16256bfd87de9a1427fb2e04f8d79eae3fb64a112ede06f1"},
    {file = "psycopg_binary-3.3.1-cp312-cp312-win_amd64.whl", hash = "sha256:ce74da70444348135f9b5b9b67121eb9816ef483159bf54083765792c948f249"},
    {file = "psycopg_binary-3.3.1-cp313-cp313-macosx_10_13_x86_64.whl", hash = "sha256:fda22ce8530236381ff79a674ebc319f1a224f2e39a44158774e55e1488f89b9"},
    {file = "psycopg_binary-3.3.1-cp313-cp313-macosx_11_0_arm64.whl", hash = "sha256:d2fc5fa6c45c406e43c8cc2787055d487b3ae597d2139125191b37fa04835f01"},
    {file = "psycopg_binary-3.3.1-cp313-cp313-manylinux2014_ppc64le.manylinux_2_17_ppc64le.whl", hash = "sha256:4d97e4d27cc7ee6938faf7dc9919c452581b4795bd97f3f48582846f24ab81ed"},
    {file = "psycopg_binary-3.3.1-cp313-cp313-manylinux2014_x86_64.manylinux_2_17_x86_64.whl", hash = "sha256:f4fb5a3cf4373a8b06c2feb8f29ff4c69968ba443687dedec9f79ce22ef339ae"},
    {file = "psycopg_binary-3.3.1-cp313-cp313-manylinux_2_27_aarch64.manylinux_2_28_aarch64.whl", hash = "sha256:4de5298b81423648ae751c789a6adb7f9396bd4de7f402db8f469901d676ebe4"},
    {file = "psycopg_binary-3.3.1-cp313-cp313-manylinux_2_38_riscv64.manylinux_2_39_riscv64.whl", hash = "sha256:a41139976b8546b78ccd776b9f63665c247e209ae384fa6908ea401e9df2c385"},
    {file = "psycopg_binary-3.3.1-cp313-cp313-musllinux_1_2_aarch64.whl", hash = "sha256:f8ea017e58fa7fd8df1d9058ff0248e28f29312bf150a00114fc0ace8a800bfa"},
    {file = "psycopg_binary-3.3.1-cp313-cp313-musllinux_1_2_ppc64le.whl", hash = "sha256:447e31350ea6816af03f39e6fc5ccccf18e34dc223a7d82734621048bb3fb9af"},
    {file = "psycopg_binary-3.3.1-cp313-cp313-musllinux_1_2_riscv64.whl", hash = "sha256:1f97f1814b046c8103b0a46a8c36c28399489716eba70ed38fbae30a27866e2c"},
    {file = "psycopg_binary-3.3.1-cp313-cp313-musllinux_1_2_x86_64.whl", hash = "sha256:3986f783ff656a0392b81b7ac1e0f88a276a38276a5c93c0b89d4862e309d618"},
    {file = "psycopg_binary-3.3.1-cp313-cp313-win_amd64.whl", hash = "sha256:63e7c689a4249a1303da35df0b813e7cb3b9e2e5eae492a47482ee1a41dc66b2"},
    {file = "psycopg_binary-3.3.1-cp314-cp314-macosx_10_15_x86_64.whl", hash = "sha256:7f7464571c2f4936810cdd7aed9108d3d80c6ea3d668a6e23fe8e9a4f4942d09"},
    {file = "psycopg_binary-3.3.1-cp314-cp314-macosx_11_0_arm64.whl", hash = "sha256:4889aa16b2bfd4796a8648087262680d332fe9c6926fd7fd3d85c4f5eb483f01"},
    {file = "psycopg_binary-3.3.1-cp314-cp314-manylinux2014_ppc64le.manylinux_2_17_ppc64le.whl", hash = "sha256:87a01fc62483b4cb5c343194d78ef9d7588624ad260fa82b31bf3c08e285a95f"},
    {file = "psycopg_binary-3.3.1-cp314-cp314-manylinux2014_x86_64.manylinux_2_17_x86_64.whl", hash = "sha256:64b93d8456e17545c53bd23f601488fc508b68c4128133bc97762a00e61e8ab2"},
    {file = "psycopg_binary-3.3.1-cp314-cp314-manylinux_2_27_aarch64.manylinux_2_28_aarch64.whl", hash = "sha256:0f6b7bc0d230932aed188b9cc44b6fc6d43e2ec1585903d09a2d15095731ee07"},
    {file = "psycopg_binary-3.3.1-cp314-cp314-manylinux_2_38_riscv64.manylinux_2_39_riscv64.whl", hash = "sha256:5d4e3d94c2475fefcb7b93b507fe8fa5c8c61f993c9bece0ffd05906f1dbb47d"},
    {file = "psycopg_binary-3.3.1-cp314-cp314-musllinux_1_2_aarch64.whl", hash = "sha256:7e0998da49b193d35641be04068f061965428a4b5e776065691b7f8c1bbc472e"},
    {file = "psycopg_binary-3.3.1-cp314-cp314-musllinux_1_2_ppc64le.whl", hash = "sha256:cbf1c2fb03b7114808aa251ff6401cad0fa85e78dbecf45d711510797708b256"},
    {file = "psycopg_binary-3.3.1-cp314-cp314-musllinux_1_2_riscv64.whl", hash = "sha256:18c87c715dda836dcdf1f71c6b71a3d10194f07faf8358d2d42bc637d70137cf"},
    {file = "psycopg_binary-3.3.1-cp314-cp314-musllinux_1_2_x86_64.whl", hash = "sha256:ec0a04b95faf5c6c0af24917883b282f23dc588f0ee565efdd1146ed8129d258"},
    {file = "psycopg_binary-3.3.1-cp314-cp314-win_amd64.whl", hash = "sha256:c0bcb5a5ec01ccc34f884470473b2b9d1730513b7fb7175f741224af6af14182"},
]

[[package]]
name = "psycopg-pool"
version = "3.3.0"
description = "Connection Pool for Psycopg"
optional = false
python-versions = ">=3.10"
groups = ["main"]
files = [
    {file = "psycopg_pool-3.3.0-py3-none-any.whl", hash = "sha256:2e44329155c410b5e8666372db44276a8b1ebd8c90f1c3026ebba40d4bc81063"},
    {file = "psycopg_pool-3.3.0.tar.gz", hash = "sha256:fa115eb2860bd88fce1717d75611f41490dec6135efb619611142b24da3f6db5"},
]

[package.dependencies]
typing-extensions = ">=4.6"

[package.extras]
test = ["anyio (>=4.0)", "mypy (>=1.14)", "pproxy (>=2.7)", "pytest (>=6.2.5)", "pytest-cov (>=3.0)", "pytest-randomly (>=3.5)"]

[[package]]
name = "pyjwt"
version = "2.10.1"
description = "JSON Web Token implementation in Python"
optional = false
python-versions = ">=3.9"
groups = ["main"]
files = [
    {file = "PyJWT-2.10.1-py3-none-any.whl", hash = "sha256:dcdd193e30abefd5debf142f9adfcdd2b58004e644f25406ffaebd50bd98dacb"},
    {file = "pyjwt-2.10.1.tar.gz", hash = "sha256:3cc5772eb20009233caf06e9d8a0577824723b44e6648ee0a2aedb6cf9381953"},
]

[package.extras]
crypto = ["cryptography (>=3.4.0)"]
dev = ["coverage[toml] (==5.0.4)", "cryptography (>=3.4.0)", "pre-commit", "pytest (>=6.0.0,<7.0.0)", "sphinx", "sphinx-rtd-theme", "zope.interface"]
docs = ["sphinx", "sphinx-rtd-theme", "zope.interface"]
tests = ["coverage[toml] (==5.0.4)", "pytest (>=6.0.0,<7.0.0)"]

[[package]]
name = "six"
version = "1.17.0"
description = "Python 2 and 3 compatibility utilities"
optional = false
python-versions = "!=3.0.*,!=3.1.*,!=3.2.*,>=2.7"
groups = ["main"]
files = [
    {file = "six-1.17.0-py2.py3-none-any.whl", hash = "sha256:4721f391ed90541fddacab5acf947aa0d3dc7d27b2e1e8eda2be8970586c3274"},
    {file = "six-1.17.0.tar.gz", hash = "sha256:ff70335d468e7eb6ec65b95b99d3a2836546063f63acc5171de367e834932a81"},
]

[[package]]
name = "sqlparse"
version = "0.5.3"
description = "A non-validating SQL parser."
optional = false
python-versions = ">=3.8"
groups = ["main"]
files = [
    {file = "sqlparse-0.5.3-py3-none-any.whl", hash = "sha256:cf2196ed3418f3ba5de6af7e82c694a9fbdbfecccdfc72e281548517081f16ca"},
    {file = "sqlparse-0.5.3.tar.gz", hash = "sha256:09f67787f56a0b16ecdbde1bfc7f5d9c3371ca683cfeaa8e6ff60b4807ec9272"},
]

[package.extras]
dev = ["build", "hatch"]
doc = ["sphinx"]

[[package]]
name = "typing-extensions"
version = "4.15.0"
description = "Backported and Experimental Type Hints for Python 3.9+"
optional = false
python-versions = ">=3.9"
groups = ["main"]
files = [
    {file = "typing_extensions-4.15.0-py3-none-any.whl", hash = "sha256:f0fa19c6845758ab08074a0cfa8b7aecb71c999ca73d62883bc25cc018c4e548"},
    {file = "typing_extensions-4.15.0.tar.gz", hash = "sha256:0cea48d173cc12fa28ecabc3b837ea3cf6f38c6d1136f85cbaaf598984861466"},
]

[[package]]
name = "tzdata"
version = "2025.2"
description = "Provider of IANA time zone data"
optional = false
python-versions = ">=2"
groups = ["main"]
markers = "sys_platform == \"win32\""
files = [
    {file = "tzdata-2025.2-py2.py3-none-any.whl", hash = "sha256:1a403fada01ff9221ca8044d701868fa132215d84beb92242d9acd2147f667a8"},
    {file = "tzdata-2025.2.tar.gz", hash = "sha256:b60a638fcc0daffadf82fe0f57e53d06bdec2f36c4df66280ae79bce6bd6f2b9"},
]

[[package]]
name = "urllib3"
version = "2.7.0"
description = "HTTP library with thread-safe connection pooling, file post, and more."
optional = false
python-versions = ">=3.10"
groups = ["main"]
files = [
    {file = "urllib3-2.7.0-py3-none-any.whl", hash = "sha256:9fb4c81ebbb1ce9531cce37674bbc6f1360472bc18ca9a553ede278ef7276897"},
    {file = "urllib3-2.7.0.tar.gz", hash = "sha256:231e0ec3b63ceb14667c67be60f2f2c40a518cb38b03af60abc813da26505f4c"},
]

[package.extras]
brotli = ["brotli (>=1.2.0) ; platform_python_implementation == \"CPython\"", "brotlicffi (>=1.2.0.0) ; platform_python_implementation != \"CPython\""]
h2 = ["h2 (>=4,<5)"]
socks = ["pysocks (>=1.5.6,!=1.5.7,<2.0)"]
zstd = ["backports-zstd (>=1.0.0) ; python_version < \"3.14\""]

[[package]]
name = "whitenoise"
version = "6.12.0"
description = "Radically simplified static file serving for WSGI applications"
optional = false
python-versions = ">=3.10"
groups = ["main"]
files = [
    {file = "whitenoise-6.12.0-py3-none-any.whl", hash = "sha256:fc5e8c572e33ebf24795b47b6a7da8da3c00cff2349f5b04c02f28d0cc5a3cc2"},
    {file = "whitenoise-6.12.0.tar.gz", hash = "sha256:f723ebb76a112e98816ff80fcea0a6c9b8ecde835f8ddda25df7a30a3c2db6ad"},
]

[package.extras]
brotli = ["brotli"]

[metadata]
lock-version = "2.1"
python-versions = ">=3.12,<4.0"
content-hash = "f4a35ca4a090f30a73311c95ab626122b8992ba26f6128fc57bf298f5b4fa926"
